# This file is generated by running "yarn install" inside your project.
# Manual changes might be lost - proceed with caution!

__metadata:
  version: 8
  cacheKey: 10c0

"app@workspace:packages/app":
  version: 0.0.0-use.local
  resolution: "app@workspace:packages/app"
  dependencies:
    lib-a: "workspace:*"
    lib-b: "workspace:*"
  languageName: unknown
  linkType: soft

"axios@npm:0.21.1":
  version: 0.21.1
  resolution: "axios@npm:0.21.1"
  dependencies:
    follow-redirects: "npm:^1.10.0"
  checksum: 10c0/8633cce2dbe64acdfb82a73ba9c916e4d30eff00cb5ac697be859af9446843944cc663c4aafac1da6a43328aeb6fe778a372841fda27e2af44cdd36dba83b2a4
  languageName: node
  linkType: hard

"follow-redirects@npm:^1.10.0":
  version: 1.15.9
  resolution: "follow-redirects@npm:1.15.9"
  peerDependenciesMeta:
    debug:
      optional: true
  checksum: 10c0/5829165bd112c3c0e82be6c15b1a58fa9dcfaede3b3c54697a82fe4a62dd5ae5e8222956b448d2f98e331525f05d00404aba7d696de9e761ef6e42fdc780244f
  languageName: node
  linkType: hard

"lib-a@workspace:*, lib-a@workspace:packages/lib-a":
  version: 0.0.0-use.local
  resolution: "lib-a@workspace:packages/lib-a"
  dependencies:
    axios: "npm:0.21.1"
  languageName: unknown
  linkType: soft

"lib-b@workspace:*, lib-b@workspace:packages/lib-b":
  version: 0.0.0-use.local
  resolution: "lib-b@workspace:packages/lib-b"
  dependencies:
    lib-a: "workspace:*"
  languageName: unknown
  linkType: soft

"lodash@npm:4.17.21":
  version: 4.17.21
  resolution: "lodash@npm:4.17.21"
  checksum: 10c0/d8cbea072bb08655bb4c989da418994b073a608dffa608b09ac04b43a791b12aeae7cd7ad919aa4c925f33b48490b5cfe6c1f71d827956071dae2e7bb3a6b74c
  languageName: node
  linkType: hard

"yarn2-workspaces-project@workspace:.":
  version: 0.0.0-use.local
  resolution: "yarn2-workspaces-project@workspace:."
  dependencies:
    lodash: "npm:4.17.21"
  languageName: unknown
  linkType: soft
