# This file is generated by running "yarn install" inside your project.
# Manual changes might be lost - proceed with caution!

__metadata:
  version: 8
  cacheKey: 10c0

"@scope/app@workspace:*, @scope/app@workspace:packages/app":
  version: 0.0.0-use.local
  resolution: "@scope/app@workspace:packages/app"
  dependencies:
    "@scope/lib-a": "npm:1.0.0"
    "@scope/lib-b": "npm:1.0.0"
    lodash: "patch:lodash@npm%3A4.17.21#~/.yarn/patches/lodash-npm-4.17.21-6382451519.patch"
    object-assign: "npm:4.1.1"
    xmlbuilder: "npm:~11.0.0"
  languageName: unknown
  linkType: soft

"@scope/lib-a@npm:1.0.0, @scope/lib-a@workspace:packages/lib-a":
  version: 0.0.0-use.local
  resolution: "@scope/lib-a@workspace:packages/lib-a"
  dependencies:
    axios: "npm:0.21.1"
    concat-stream: "npm:^2.0.0"
    growl: "npm:1.9.2"
    lodash: "patch:lodash@npm%3A4.17.21#~/.yarn/patches/lodash-npm-4.17.21-6382451519.patch"
  languageName: unknown
  linkType: soft

"@scope/lib-b@npm:1.0.0, @scope/lib-b@workspace:packages/lib-b":
  version: 0.0.0-use.local
  resolution: "@scope/lib-b@workspace:packages/lib-b"
  dependencies:
    concat-stream: "npm:^2.0.0"
    lodash: "patch:lodash@npm%3A4.17.21#~/.yarn/patches/lodash-npm-4.17.21-6382451519.patch"
    serialize-javascript: "npm:1.7.0"
  languageName: unknown
  linkType: soft

"axios@npm:0.21.1":
  version: 0.21.1
  resolution: "axios@npm:0.21.1"
  dependencies:
    follow-redirects: "npm:^1.10.0"
  checksum: 10c0/8633cce2dbe64acdfb82a73ba9c916e4d30eff00cb5ac697be859af9446843944cc663c4aafac1da6a43328aeb6fe778a372841fda27e2af44cdd36dba83b2a4
  languageName: node
  linkType: hard

"buffer-from@npm:^1.0.0":
  version: 1.1.2
  resolution: "buffer-from@npm:1.1.2"
  checksum: 10c0/124fff9d66d691a86d3b062eff4663fe437a9d9ee4b47b1b9e97f5a5d14f6d5399345db80f796827be7c95e70a8e765dd404b7c3ff3b3324f98e9b0c8826cc34
  languageName: node
  linkType: hard

"concat-stream@npm:^2.0.0":
  version: 2.0.0
  resolution: "concat-stream@npm:2.0.0"
  dependencies:
    buffer-from: "npm:^1.0.0"
    inherits: "npm:^2.0.3"
    readable-stream: "npm:^3.0.2"
    typedarray: "npm:^0.0.6"
  checksum: 10c0/29565dd9198fe1d8cf57f6cc71527dbc6ad67e12e4ac9401feb389c53042b2dceedf47034cbe702dfc4fd8df3ae7e6bfeeebe732cc4fa2674e484c13f04c219a
  languageName: node
  linkType: hard

"follow-redirects@npm:^1.10.0":
  version: 1.15.11
  resolution: "follow-redirects@npm:1.15.11"
  peerDependenciesMeta:
    debug:
      optional: true
  checksum: 10c0/d301f430542520a54058d4aeeb453233c564aaccac835d29d15e050beb33f339ad67d9bddbce01739c5dc46a6716dbe3d9d0d5134b1ca203effa11a7ef092343
  languageName: node
  linkType: hard

"growl@npm:1.9.2":
  version: 1.9.2
  resolution: "growl@npm:1.9.2"
  checksum: 10c0/e3191e0fafb218c0d0d404198a94c32a53b21504cde9f01781907897504b7f1a63fe4038a4e197af8b0f375a64f98019213eb294be99d7fc7cf281f3ce5f6e75
  languageName: node
  linkType: hard

"inherits@npm:^2.0.3":
  version: 2.0.4
  resolution: "inherits@npm:2.0.4"
  checksum: 10c0/4e531f648b29039fb7426fb94075e6545faa1eb9fe83c29f0b6d9e7263aceb4289d2d4557db0d428188eeb449cc7c5e77b0a0b2c4e248ff2a65933a0dee49ef2
  languageName: node
  linkType: hard

"js-tokens@npm:^3.0.0 || ^4.0.0":
  version: 4.0.0
  resolution: "js-tokens@npm:4.0.0"
  checksum: 10c0/e248708d377aa058eacf2037b07ded847790e6de892bbad3dac0abba2e759cb9f121b00099a65195616badcb6eca8d14d975cb3e89eb1cfda644756402c8aeed
  languageName: node
  linkType: hard

"lodash@npm:^4.17.21":
  version: 4.17.23
  resolution: "lodash@npm:4.17.23"
  checksum: 10c0/1264a90469f5bb95d4739c43eb6277d15b6d9e186df4ac68c3620443160fc669e2f14c11e7d8b2ccf078b81d06147c01a8ccced9aab9f9f63d50dcf8cace6bf6
  languageName: node
  linkType: hard

"loose-envify@npm:^1.1.0":
  version: 1.4.0
  resolution: "loose-envify@npm:1.4.0"
  dependencies:
    js-tokens: "npm:^3.0.0 || ^4.0.0"
  bin:
    loose-envify: cli.js
  checksum: 10c0/655d110220983c1a4b9c0c679a2e8016d4b67f6e9c7b5435ff5979ecdb20d0813f4dec0a08674fcbdd4846a3f07edbb50a36811fd37930b94aaa0d9daceb017e
  languageName: node
  linkType: hard

"object-assign@npm:4.1.1":
  version: 4.1.1
  resolution: "object-assign@npm:4.1.1"
  checksum: 10c0/1f4df9945120325d041ccf7b86f31e8bcc14e73d29171e37a7903050e96b81323784ec59f93f102ec635bcf6fa8034ba3ea0a8c7e69fa202b87ae3b6cec5a414
  languageName: node
  linkType: hard

"peer-consumer@workspace:packages/peer-consumer":
  version: 0.0.0-use.local
  resolution: "peer-consumer@workspace:packages/peer-consumer"
  dependencies:
    peer-lib: "workspace:*"
    react: "npm:^18.2.0"
  languageName: unknown
  linkType: soft

"peer-lib@workspace:*, peer-lib@workspace:packages/peer-lib":
  version: 0.0.0-use.local
  resolution: "peer-lib@workspace:packages/peer-lib"
  peerDependencies:
    react: ^18.0.0
  languageName: unknown
  linkType: soft

"prettier@npm:3.5.1":
  version: 3.5.1
  resolution: "prettier@npm:3.5.1"
  bin:
    prettier: bin/prettier.cjs
  checksum: 10c0/9f6f810eae455d6e4213845151a484a2338f2e0d6a8b84ee8e13a83af8a2421ef6c1e31e61e4b135671fb57b9541f6624648880cc2061ac803e243ac898c0123
  languageName: node
  linkType: hard

"react@npm:^18.2.0":
  version: 18.3.1
  resolution: "react@npm:18.3.1"
  dependencies:
    loose-envify: "npm:^1.1.0"
  checksum: 10c0/283e8c5efcf37802c9d1ce767f302dd569dd97a70d9bb8c7be79a789b9902451e0d16334b05d73299b20f048cbc3c7d288bbbde10b701fa194e2089c237dbea3
  languageName: node
  linkType: hard

"readable-stream@npm:^3.0.2":
  version: 3.6.2
  resolution: "readable-stream@npm:3.6.2"
  dependencies:
    inherits: "npm:^2.0.3"
    string_decoder: "npm:^1.1.1"
    util-deprecate: "npm:^1.0.1"
  checksum: 10c0/e37be5c79c376fdd088a45fa31ea2e423e5d48854be7a22a58869b4e84d25047b193f6acb54f1012331e1bcd667ffb569c01b99d36b0bd59658fb33f513511b7
  languageName: node
  linkType: hard

"safe-buffer@npm:~5.2.0":
  version: 5.2.1
  resolution: "safe-buffer@npm:5.2.1"
  checksum: 10c0/6501914237c0a86e9675d4e51d89ca3c21ffd6a31642efeba25ad65720bce6921c9e7e974e5be91a786b25aa058b5303285d3c15dbabf983a919f5f630d349f3
  languageName: node
  linkType: hard

"serialize-javascript@npm:1.7.0":
  version: 1.7.0
  resolution: "serialize-javascript@npm:1.7.0"
  checksum: 10c0/3ab5ee9864cdf6110caada967594b1dce84e5341d82e629deae17630085930a3426a52d717cd777ed0048821dde1e9e54b09c1391d363932cf5a607aa4512772
  languageName: node
  linkType: hard

"string_decoder@npm:^1.1.1":
  version: 1.3.0
  resolution: "string_decoder@npm:1.3.0"
  dependencies:
    safe-buffer: "npm:~5.2.0"
  checksum: 10c0/810614ddb030e271cd591935dcd5956b2410dd079d64ff92a1844d6b7588bf992b3e1b69b0f4d34a3e06e0bd73046ac646b5264c1987b20d0601f81ef35d731d
  languageName: node
  linkType: hard

"typedarray@npm:^0.0.6":
  version: 0.0.6
  resolution: "typedarray@npm:0.0.6"
  checksum: 10c0/6005cb31df50eef8b1f3c780eb71a17925f3038a100d82f9406ac2ad1de5eb59f8e6decbdc145b3a1f8e5836e17b0c0002fb698b9fe2516b8f9f9ff602d36412
  languageName: node
  linkType: hard

"util-deprecate@npm:^1.0.1":
  version: 1.0.2
  resolution: "util-deprecate@npm:1.0.2"
  checksum: 10c0/41a5bdd214df2f6c3ecf8622745e4a366c4adced864bc3c833739791aeeeb1838119af7daed4ba36428114b5c67dcda034a79c882e97e43c03e66a4dd7389942
  languageName: node
  linkType: hard

"xmlbuilder@npm:~11.0.0":
  version: 11.0.1
  resolution: "xmlbuilder@npm:11.0.1"
  checksum: 10c0/74b979f89a0a129926bc786b913459bdbcefa809afaa551c5ab83f89b1915bdaea14c11c759284bb9b931e3b53004dbc2181e21d3ca9553eeb0b2a7b4e40c35b
  languageName: node
  linkType: hard

"yarn2-workspaces-project@workspace:.":
  version: 0.0.0-use.local
  resolution: "yarn2-workspaces-project@workspace:."
  dependencies:
    "@scope/app": "workspace:*"
    lodash: "patch:lodash@npm%3A4.17.21#~/.yarn/patches/lodash-npm-4.17.21-6382451519.patch"
    prettier: "npm:3.5.1"
  languageName: unknown
  linkType: soft
